
Microsoft Visual Studio Solution File, Format Version 12.00
# Visual Studio 2013
VisualStudioVersion = 12.0.31101.0
MinimumVisualStudioVersion = 10.0.40219.1
Project("{2150E333-8FDC-42A3-9474-1A3956D46DE8}") = "HelloWorld", "HelloWorld", "{A4A91B44-4739-4781-BFA0-07C08C1D3A74}"
EndProject
Project("{FAE04EC0-301F-11D3-BF4B-00C04F79EFBC}") = "RabbitMQ.Demos.HelloWorld.Sender", "RabbitMQ.Demos.HelloWorld.Sender\RabbitMQ.Demos.HelloWorld.Sender.csproj", "{27BB0231-450A-43E3-A4F9-ED38D6846E3C}"
EndProject
Project("{FAE04EC0-301F-11D3-BF4B-00C04F79EFBC}") = "RabbitMQ.Demos.HelloWorld.Receiver", "RabbitMQ.Demos.HelloWorld.Receiver\RabbitMQ.Demos.HelloWorld.Receiver.csproj", "{7C8A490F-B71B-4448-B485-6074FE014824}"
EndProject
Project("{2150E333-8FDC-42A3-9474-1A3956D46DE8}") = "WorkQueues", "WorkQueues", "{6A8F205E-2B5B-496F-B0C1-AA6B9853E5EC}"
EndProject
Project("{FAE04EC0-301F-11D3-BF4B-00C04F79EFBC}") = "RabbitMQ.Demos.WorkQueues.TaskSender", "RabbitMQ.Demos.WorkQueues.TaskSender\RabbitMQ.Demos.WorkQueues.TaskSender.csproj", "{7B88690A-B0F5-49ED-B277-53A50E4E9418}"
EndProject
Project("{FAE04EC0-301F-11D3-BF4B-00C04F79EFBC}") = "RabbitMQ.Demos.WorkQueues.Worker", "RabbitMQ.Demos.WorkQueues.Worker\RabbitMQ.Demos.WorkQueues.Worker.csproj", "{6E311DCE-055B-4FEB-BC35-337FF0FB5BFB}"
EndProject
Global
	GlobalSection(SolutionConfigurationPlatforms) = preSolution
		Debug|Any CPU = Debug|Any CPU
		Release|Any CPU = Release|Any CPU
	EndGlobalSection
	GlobalSection(ProjectConfigurationPlatforms) = postSolution
		{27BB0231-450A-43E3-A4F9-ED38D6846E3C}.Debug|Any CPU.ActiveCfg = Debug|Any CPU
		{27BB0231-450A-43E3-A4F9-ED38D6846E3C}.Debug|Any CPU.Build.0 = Debug|Any CPU
		{27BB0231-450A-43E3-A4F9-ED38D6846E3C}.Release|Any CPU.ActiveCfg = Release|Any CPU
		{27BB0231-450A-43E3-A4F9-ED38D6846E3C}.Release|Any CPU.Build.0 = Release|Any CPU
		{7C8A490F-B71B-4448-B485-6074FE014824}.Debug|Any CPU.ActiveCfg = Debug|Any CPU
		{7C8A490F-B71B-4448-B485-6074FE014824}.Debug|Any CPU.Build.0 = Debug|Any CPU
		{7C8A490F-B71B-4448-B485-6074FE014824}.Release|Any CPU.ActiveCfg = Release|Any CPU
		{7C8A490F-B71B-4448-B485-6074FE014824}.Release|Any CPU.Build.0 = Release|Any CPU
		{7B88690A-B0F5-49ED-B277-53A50E4E9418}.Debug|Any CPU.ActiveCfg = Debug|Any CPU
		{7B88690A-B0F5-49ED-B277-53A50E4E9418}.Debug|Any CPU.Build.0 = Debug|Any CPU
		{7B88690A-B0F5-49ED-B277-53A50E4E9418}.Release|Any CPU.ActiveCfg = Release|Any CPU
		{7B88690A-B0F5-49ED-B277-53A50E4E9418}.Release|Any CPU.Build.0 = Release|Any CPU
		{6E311DCE-055B-4FEB-BC35-337FF0FB5BFB}.Debug|Any CPU.ActiveCfg = Debug|Any CPU
		{6E311DCE-055B-4FEB-BC35-337FF0FB5BFB}.Debug|Any CPU.Build.0 = Debug|Any CPU
		{6E311DCE-055B-4FEB-BC35-337FF0FB5BFB}.Release|Any CPU.ActiveCfg = Release|Any CPU
		{6E311DCE-055B-4FEB-BC35-337FF0FB5BFB}.Release|Any CPU.Build.0 = Release|Any CPU
	EndGlobalSection
	GlobalSection(SolutionProperties) = preSolution
		HideSolutionNode = FALSE
	EndGlobalSection
	GlobalSection(NestedProjects) = preSolution
		{27BB0231-450A-43E3-A4F9-ED38D6846E3C} = {A4A91B44-4739-4781-BFA0-07C08C1D3A74}
		{7C8A490F-B71B-4448-B485-6074FE014824} = {A4A91B44-4739-4781-BFA0-07C08C1D3A74}
		{7B88690A-B0F5-49ED-B277-53A50E4E9418} = {6A8F205E-2B5B-496F-B0C1-AA6B9853E5EC}
		{6E311DCE-055B-4FEB-BC35-337FF0FB5BFB} = {6A8F205E-2B5B-496F-B0C1-AA6B9853E5EC}
	EndGlobalSection
EndGlobal
